
Microsoft Visual Studio Solution File, Format Version 12.00
# Visual Studio Version 16
VisualStudioVersion = 16.0.29001.49
MinimumVisualStudioVersion = 15.0.26124.0
Project("{9A19103F-16F7-4668-BE54-9A1E7A4F7556}") = "flowPlusExternal", "src\SmartAdmin.WebUI\flowPlusExternal.csproj", "{52722178-0138-4B74-B84B-D1F6F5BEFEE6}"
EndProject
Project("{2150E333-8FDC-42A3-9474-1A3956D46DE8}") = "Solution Items", "Solution Items", "{E3580F9C-2DDF-488C-85C7-C689E48F5303}"
	ProjectSection(SolutionItems) = preProject
		.editorconfig = .editorconfig
		.gitattributes = .gitattributes
		.gitignore = .gitignore
		NuGet.config = NuGet.config
	EndProjectSection
EndProject
Project("{2150E333-8FDC-42A3-9474-1A3956D46DE8}") = "docs", "docs", "{7D347DC7-5535-4079-9B61-80D4B5B0E829}"
	ProjectSection(SolutionItems) = preProject
		CONTRIBUTING.md = CONTRIBUTING.md
		LICENSE.md = LICENSE.md
		README.md = README.md
	EndProjectSection
EndProject
Project("{2150E333-8FDC-42A3-9474-1A3956D46DE8}") = "src", "src", "{E75F4F9C-0E0F-4A45-A30A-D8455EAE0BB6}"
EndProject
Project("{9A19103F-16F7-4668-BE54-9A1E7A4F7556}") = "Data", "..\tpCommon\Data\Data.csproj", "{423B2DA7-F99A-4453-A2A3-B8D46A2545E4}"
EndProject
Project("{9A19103F-16F7-4668-BE54-9A1E7A4F7556}") = "Custom_Exceptions", "..\tpCommon\Custom_Exceptions\Custom_Exceptions.csproj", "{3BCF2FF7-CA56-4CF1-B211-59D89742428A}"
EndProject
Project("{9A19103F-16F7-4668-BE54-9A1E7A4F7556}") = "Data.QA", "..\tpCommon\Data.QA\Data.QA.csproj", "{7C72721B-324C-4CAB-9294-D5956CFBCAAA}"
EndProject
Project("{9A19103F-16F7-4668-BE54-9A1E7A4F7556}") = "Global_Settings", "..\tpCommon\Global_Settings\Global_Settings.csproj", "{270474E0-8EA6-4CE5-A83E-8323E9FB31BC}"
EndProject
Project("{9A19103F-16F7-4668-BE54-9A1E7A4F7556}") = "Services", "..\tpCommon\Services\Services.csproj", "{70327049-79CD-40A3-A59A-E27E7E86933E}"
EndProject
Project("{9A19103F-16F7-4668-BE54-9A1E7A4F7556}") = "ViewModels", "..\tpCommon\ViewModels\ViewModels.csproj", "{EC49C976-EC9E-4A34-B6B7-9B8D229EB1ED}"
EndProject
Project("{9A19103F-16F7-4668-BE54-9A1E7A4F7556}") = "Extensions", "..\tpCommon\Extensions\Extensions.csproj", "{936063A8-668B-4FDB-9CB9-84F6A83B2059}"
EndProject
Project("{9A19103F-16F7-4668-BE54-9A1E7A4F7556}") = "LinguisticData", "..\tpCommon\LinguisticData\LinguisticData.csproj", "{25B134A1-9B1E-412D-92D1-870977DE7E41}"
EndProject
Global
	GlobalSection(SolutionConfigurationPlatforms) = preSolution
		Debug|Any CPU = Debug|Any CPU
		Debug|x64 = Debug|x64
		Debug|x86 = Debug|x86
		Release|Any CPU = Release|Any CPU
		Release|x64 = Release|x64
		Release|x86 = Release|x86
	EndGlobalSection
	GlobalSection(ProjectConfigurationPlatforms) = postSolution
		{52722178-0138-4B74-B84B-D1F6F5BEFEE6}.Debug|Any CPU.ActiveCfg = Debug|Any CPU
		{52722178-0138-4B74-B84B-D1F6F5BEFEE6}.Debug|Any CPU.Build.0 = Debug|Any CPU
		{52722178-0138-4B74-B84B-D1F6F5BEFEE6}.Debug|x64.ActiveCfg = Debug|Any CPU
		{52722178-0138-4B74-B84B-D1F6F5BEFEE6}.Debug|x64.Build.0 = Debug|Any CPU
		{52722178-0138-4B74-B84B-D1F6F5BEFEE6}.Debug|x86.ActiveCfg = Debug|Any CPU
		{52722178-0138-4B74-B84B-D1F6F5BEFEE6}.Debug|x86.Build.0 = Debug|Any CPU
		{52722178-0138-4B74-B84B-D1F6F5BEFEE6}.Release|Any CPU.ActiveCfg = Release|Any CPU
		{52722178-0138-4B74-B84B-D1F6F5BEFEE6}.Release|Any CPU.Build.0 = Release|Any CPU
		{52722178-0138-4B74-B84B-D1F6F5BEFEE6}.Release|x64.ActiveCfg = Release|Any CPU
		{52722178-0138-4B74-B84B-D1F6F5BEFEE6}.Release|x64.Build.0 = Release|Any CPU
		{52722178-0138-4B74-B84B-D1F6F5BEFEE6}.Release|x86.ActiveCfg = Release|Any CPU
		{52722178-0138-4B74-B84B-D1F6F5BEFEE6}.Release|x86.Build.0 = Release|Any CPU
		{423B2DA7-F99A-4453-A2A3-B8D46A2545E4}.Debug|Any CPU.ActiveCfg = Debug|Any CPU
		{423B2DA7-F99A-4453-A2A3-B8D46A2545E4}.Debug|Any CPU.Build.0 = Debug|Any CPU
		{423B2DA7-F99A-4453-A2A3-B8D46A2545E4}.Debug|x64.ActiveCfg = Debug|Any CPU
		{423B2DA7-F99A-4453-A2A3-B8D46A2545E4}.Debug|x64.Build.0 = Debug|Any CPU
		{423B2DA7-F99A-4453-A2A3-B8D46A2545E4}.Debug|x86.ActiveCfg = Debug|Any CPU
		{423B2DA7-F99A-4453-A2A3-B8D46A2545E4}.Debug|x86.Build.0 = Debug|Any CPU
		{423B2DA7-F99A-4453-A2A3-B8D46A2545E4}.Release|Any CPU.ActiveCfg = Release|Any CPU
		{423B2DA7-F99A-4453-A2A3-B8D46A2545E4}.Release|Any CPU.Build.0 = Release|Any CPU
		{423B2DA7-F99A-4453-A2A3-B8D46A2545E4}.Release|x64.ActiveCfg = Release|Any CPU
		{423B2DA7-F99A-4453-A2A3-B8D46A2545E4}.Release|x64.Build.0 = Release|Any CPU
		{423B2DA7-F99A-4453-A2A3-B8D46A2545E4}.Release|x86.ActiveCfg = Release|Any CPU
		{423B2DA7-F99A-4453-A2A3-B8D46A2545E4}.Release|x86.Build.0 = Release|Any CPU
		{3BCF2FF7-CA56-4CF1-B211-59D89742428A}.Debug|Any CPU.ActiveCfg = Debug|Any CPU
		{3BCF2FF7-CA56-4CF1-B211-59D89742428A}.Debug|Any CPU.Build.0 = Debug|Any CPU
		{3BCF2FF7-CA56-4CF1-B211-59D89742428A}.Debug|x64.ActiveCfg = Debug|Any CPU
		{3BCF2FF7-CA56-4CF1-B211-59D89742428A}.Debug|x64.Build.0 = Debug|Any CPU
		{3BCF2FF7-CA56-4CF1-B211-59D89742428A}.Debug|x86.ActiveCfg = Debug|Any CPU
		{3BCF2FF7-CA56-4CF1-B211-59D89742428A}.Debug|x86.Build.0 = Debug|Any CPU
		{3BCF2FF7-CA56-4CF1-B211-59D89742428A}.Release|Any CPU.ActiveCfg = Release|Any CPU
		{3BCF2FF7-CA56-4CF1-B211-59D89742428A}.Release|Any CPU.Build.0 = Release|Any CPU
		{3BCF2FF7-CA56-4CF1-B211-59D89742428A}.Release|x64.ActiveCfg = Release|Any CPU
		{3BCF2FF7-CA56-4CF1-B211-59D89742428A}.Release|x64.Build.0 = Release|Any CPU
		{3BCF2FF7-CA56-4CF1-B211-59D89742428A}.Release|x86.ActiveCfg = Release|Any CPU
		{3BCF2FF7-CA56-4CF1-B211-59D89742428A}.Release|x86.Build.0 = Release|Any CPU
		{7C72721B-324C-4CAB-9294-D5956CFBCAAA}.Debug|Any CPU.ActiveCfg = Debug|Any CPU
		{7C72721B-324C-4CAB-9294-D5956CFBCAAA}.Debug|Any CPU.Build.0 = Debug|Any CPU
		{7C72721B-324C-4CAB-9294-D5956CFBCAAA}.Debug|x64.ActiveCfg = Debug|Any CPU
		{7C72721B-324C-4CAB-9294-D5956CFBCAAA}.Debug|x64.Build.0 = Debug|Any CPU
		{7C72721B-324C-4CAB-9294-D5956CFBCAAA}.Debug|x86.ActiveCfg = Debug|Any CPU
		{7C72721B-324C-4CAB-9294-D5956CFBCAAA}.Debug|x86.Build.0 = Debug|Any CPU
		{7C72721B-324C-4CAB-9294-D5956CFBCAAA}.Release|Any CPU.ActiveCfg = Release|Any CPU
		{7C72721B-324C-4CAB-9294-D5956CFBCAAA}.Release|Any CPU.Build.0 = Release|Any CPU
		{7C72721B-324C-4CAB-9294-D5956CFBCAAA}.Release|x64.ActiveCfg = Release|Any CPU
		{7C72721B-324C-4CAB-9294-D5956CFBCAAA}.Release|x64.Build.0 = Release|Any CPU
		{7C72721B-324C-4CAB-9294-D5956CFBCAAA}.Release|x86.ActiveCfg = Release|Any CPU
		{7C72721B-324C-4CAB-9294-D5956CFBCAAA}.Release|x86.Build.0 = Release|Any CPU
		{270474E0-8EA6-4CE5-A83E-8323E9FB31BC}.Debug|Any CPU.ActiveCfg = Debug|Any CPU
		{270474E0-8EA6-4CE5-A83E-8323E9FB31BC}.Debug|Any CPU.Build.0 = Debug|Any CPU
		{270474E0-8EA6-4CE5-A83E-8323E9FB31BC}.Debug|x64.ActiveCfg = Debug|Any CPU
		{270474E0-8EA6-4CE5-A83E-8323E9FB31BC}.Debug|x64.Build.0 = Debug|Any CPU
		{270474E0-8EA6-4CE5-A83E-8323E9FB31BC}.Debug|x86.ActiveCfg = Debug|Any CPU
		{270474E0-8EA6-4CE5-A83E-8323E9FB31BC}.Debug|x86.Build.0 = Debug|Any CPU
		{270474E0-8EA6-4CE5-A83E-8323E9FB31BC}.Release|Any CPU.ActiveCfg = Release|Any CPU
		{270474E0-8EA6-4CE5-A83E-8323E9FB31BC}.Release|Any CPU.Build.0 = Release|Any CPU
		{270474E0-8EA6-4CE5-A83E-8323E9FB31BC}.Release|x64.ActiveCfg = Release|Any CPU
		{270474E0-8EA6-4CE5-A83E-8323E9FB31BC}.Release|x64.Build.0 = Release|Any CPU
		{270474E0-8EA6-4CE5-A83E-8323E9FB31BC}.Release|x86.ActiveCfg = Release|Any CPU
		{270474E0-8EA6-4CE5-A83E-8323E9FB31BC}.Release|x86.Build.0 = Release|Any CPU
		{70327049-79CD-40A3-A59A-E27E7E86933E}.Debug|Any CPU.ActiveCfg = Debug|Any CPU
		{70327049-79CD-40A3-A59A-E27E7E86933E}.Debug|Any CPU.Build.0 = Debug|Any CPU
		{70327049-79CD-40A3-A59A-E27E7E86933E}.Debug|x64.ActiveCfg = Debug|Any CPU
		{70327049-79CD-40A3-A59A-E27E7E86933E}.Debug|x64.Build.0 = Debug|Any CPU
		{70327049-79CD-40A3-A59A-E27E7E86933E}.Debug|x86.ActiveCfg = Debug|Any CPU
		{70327049-79CD-40A3-A59A-E27E7E86933E}.Debug|x86.Build.0 = Debug|Any CPU
		{70327049-79CD-40A3-A59A-E27E7E86933E}.Release|Any CPU.ActiveCfg = Release|Any CPU
		{70327049-79CD-40A3-A59A-E27E7E86933E}.Release|Any CPU.Build.0 = Release|Any CPU
		{70327049-79CD-40A3-A59A-E27E7E86933E}.Release|x64.ActiveCfg = Release|Any CPU
		{70327049-79CD-40A3-A59A-E27E7E86933E}.Release|x64.Build.0 = Release|Any CPU
		{70327049-79CD-40A3-A59A-E27E7E86933E}.Release|x86.ActiveCfg = Release|Any CPU
		{70327049-79CD-40A3-A59A-E27E7E86933E}.Release|x86.Build.0 = Release|Any CPU
		{EC49C976-EC9E-4A34-B6B7-9B8D229EB1ED}.Debug|Any CPU.ActiveCfg = Debug|Any CPU
		{EC49C976-EC9E-4A34-B6B7-9B8D229EB1ED}.Debug|Any CPU.Build.0 = Debug|Any CPU
		{EC49C976-EC9E-4A34-B6B7-9B8D229EB1ED}.Debug|x64.ActiveCfg = Debug|Any CPU
		{EC49C976-EC9E-4A34-B6B7-9B8D229EB1ED}.Debug|x64.Build.0 = Debug|Any CPU
		{EC49C976-EC9E-4A34-B6B7-9B8D229EB1ED}.Debug|x86.ActiveCfg = Debug|Any CPU
		{EC49C976-EC9E-4A34-B6B7-9B8D229EB1ED}.Debug|x86.Build.0 = Debug|Any CPU
		{EC49C976-EC9E-4A34-B6B7-9B8D229EB1ED}.Release|Any CPU.ActiveCfg = Release|Any CPU
		{EC49C976-EC9E-4A34-B6B7-9B8D229EB1ED}.Release|Any CPU.Build.0 = Release|Any CPU
		{EC49C976-EC9E-4A34-B6B7-9B8D229EB1ED}.Release|x64.ActiveCfg = Release|Any CPU
		{EC49C976-EC9E-4A34-B6B7-9B8D229EB1ED}.Release|x64.Build.0 = Release|Any CPU
		{EC49C976-EC9E-4A34-B6B7-9B8D229EB1ED}.Release|x86.ActiveCfg = Release|Any CPU
		{EC49C976-EC9E-4A34-B6B7-9B8D229EB1ED}.Release|x86.Build.0 = Release|Any CPU
		{936063A8-668B-4FDB-9CB9-84F6A83B2059}.Debug|Any CPU.ActiveCfg = Debug|Any CPU
		{936063A8-668B-4FDB-9CB9-84F6A83B2059}.Debug|Any CPU.Build.0 = Debug|Any CPU
		{936063A8-668B-4FDB-9CB9-84F6A83B2059}.Debug|x64.ActiveCfg = Debug|Any CPU
		{936063A8-668B-4FDB-9CB9-84F6A83B2059}.Debug|x64.Build.0 = Debug|Any CPU
		{936063A8-668B-4FDB-9CB9-84F6A83B2059}.Debug|x86.ActiveCfg = Debug|Any CPU
		{936063A8-668B-4FDB-9CB9-84F6A83B2059}.Debug|x86.Build.0 = Debug|Any CPU
		{936063A8-668B-4FDB-9CB9-84F6A83B2059}.Release|Any CPU.ActiveCfg = Release|Any CPU
		{936063A8-668B-4FDB-9CB9-84F6A83B2059}.Release|Any CPU.Build.0 = Release|Any CPU
		{936063A8-668B-4FDB-9CB9-84F6A83B2059}.Release|x64.ActiveCfg = Release|Any CPU
		{936063A8-668B-4FDB-9CB9-84F6A83B2059}.Release|x64.Build.0 = Release|Any CPU
		{936063A8-668B-4FDB-9CB9-84F6A83B2059}.Release|x86.ActiveCfg = Release|Any CPU
		{936063A8-668B-4FDB-9CB9-84F6A83B2059}.Release|x86.Build.0 = Release|Any CPU
		{25B134A1-9B1E-412D-92D1-870977DE7E41}.Debug|Any CPU.ActiveCfg = Debug|Any CPU
		{25B134A1-9B1E-412D-92D1-870977DE7E41}.Debug|Any CPU.Build.0 = Debug|Any CPU
		{25B134A1-9B1E-412D-92D1-870977DE7E41}.Debug|x64.ActiveCfg = Debug|Any CPU
		{25B134A1-9B1E-412D-92D1-870977DE7E41}.Debug|x64.Build.0 = Debug|Any CPU
		{25B134A1-9B1E-412D-92D1-870977DE7E41}.Debug|x86.ActiveCfg = Debug|Any CPU
		{25B134A1-9B1E-412D-92D1-870977DE7E41}.Debug|x86.Build.0 = Debug|Any CPU
		{25B134A1-9B1E-412D-92D1-870977DE7E41}.Release|Any CPU.ActiveCfg = Release|Any CPU
		{25B134A1-9B1E-412D-92D1-870977DE7E41}.Release|Any CPU.Build.0 = Release|Any CPU
		{25B134A1-9B1E-412D-92D1-870977DE7E41}.Release|x64.ActiveCfg = Release|Any CPU
		{25B134A1-9B1E-412D-92D1-870977DE7E41}.Release|x64.Build.0 = Release|Any CPU
		{25B134A1-9B1E-412D-92D1-870977DE7E41}.Release|x86.ActiveCfg = Release|Any CPU
		{25B134A1-9B1E-412D-92D1-870977DE7E41}.Release|x86.Build.0 = Release|Any CPU
	EndGlobalSection
	GlobalSection(SolutionProperties) = preSolution
		HideSolutionNode = FALSE
	EndGlobalSection
	GlobalSection(NestedProjects) = preSolution
		{52722178-0138-4B74-B84B-D1F6F5BEFEE6} = {E75F4F9C-0E0F-4A45-A30A-D8455EAE0BB6}
		{423B2DA7-F99A-4453-A2A3-B8D46A2545E4} = {E75F4F9C-0E0F-4A45-A30A-D8455EAE0BB6}
		{3BCF2FF7-CA56-4CF1-B211-59D89742428A} = {E75F4F9C-0E0F-4A45-A30A-D8455EAE0BB6}
		{7C72721B-324C-4CAB-9294-D5956CFBCAAA} = {E75F4F9C-0E0F-4A45-A30A-D8455EAE0BB6}
		{270474E0-8EA6-4CE5-A83E-8323E9FB31BC} = {E75F4F9C-0E0F-4A45-A30A-D8455EAE0BB6}
		{70327049-79CD-40A3-A59A-E27E7E86933E} = {E75F4F9C-0E0F-4A45-A30A-D8455EAE0BB6}
		{EC49C976-EC9E-4A34-B6B7-9B8D229EB1ED} = {E75F4F9C-0E0F-4A45-A30A-D8455EAE0BB6}
		{936063A8-668B-4FDB-9CB9-84F6A83B2059} = {E75F4F9C-0E0F-4A45-A30A-D8455EAE0BB6}
		{25B134A1-9B1E-412D-92D1-870977DE7E41} = {E75F4F9C-0E0F-4A45-A30A-D8455EAE0BB6}
	EndGlobalSection
	GlobalSection(ExtensibilityGlobals) = postSolution
		SolutionGuid = {A629F572-4FEF-49B0-9D97-2A2D63A669A1}
	EndGlobalSection
EndGlobal
